
Microsoft Visual Studio Solution File, Format Version 12.00
# Visual Studio Express 2013 for Windows Desktop
VisualStudioVersion = 12.0.40629.0
MinimumVisualStudioVersion = 10.0.40219.1
Project("{FAE04EC0-301F-11D3-BF4B-00C04F79EFBC}") = "CSharp_visa_example", "CSharp_visa_example\CSharp_visa_example.csproj", "{7C1117C9-12B4-4A79-B3F1-70F7D1BB1AF7}"
EndProject
Project("{2150E333-8FDC-42A3-9474-1A3956D46DE8}") = ".nuget", ".nuget", "{F2901048-1C5C-444F-886B-F0AEDCAD1C3F}"
EndProject
Global
	GlobalSection(SolutionConfigurationPlatforms) = preSolution
		Debug|Any CPU = Debug|Any CPU
		Release|Any CPU = Release|Any CPU
	EndGlobalSection
	GlobalSection(ProjectConfigurationPlatforms) = postSolution
		{7C1117C9-12B4-4A79-B3F1-70F7D1BB1AF7}.Debug|Any CPU.ActiveCfg = Debug|Any CPU
		{7C1117C9-12B4-4A79-B3F1-70F7D1BB1AF7}.Debug|Any CPU.Build.0 = Debug|Any CPU
		{7C1117C9-12B4-4A79-B3F1-70F7D1BB1AF7}.Release|Any CPU.ActiveCfg = Release|Any CPU
		{7C1117C9-12B4-4A79-B3F1-70F7D1BB1AF7}.Release|Any CPU.Build.0 = Release|Any CPU
	EndGlobalSection
	GlobalSection(SolutionProperties) = preSolution
		HideSolutionNode = FALSE
	EndGlobalSection
EndGlobal
